{
  "lockfileVersion": 1,
  "workspaces": {
    "": {
      "name": "asg-worker-orchestrator",
      "dependencies": {
        "@aws-sdk/client-auto-scaling": "^3.879.0",
      },
    },
  },
  "packages": {
    "@aws-crypto/sha256-browser": ["@aws-crypto/sha256-browser@5.2.0", "", { "dependencies": { "@aws-crypto/sha256-js": "^5.2.0", "@aws-crypto/supports-web-crypto": "^5.2.0", "@aws-crypto/util": "^5.2.0", "@aws-sdk/types": "^3.222.0", "@aws-sdk/util-locate-window": "^3.0.0", "@smithy/util-utf8": "^2.0.0", "tslib": "^2.6.2" } }, "sha512-AXfN/lGotSQwu6HNcEsIASo7kWXZ5HYWvfOmSNKDsEqC4OashTp8alTmaz+F7TC2L083SFv5RdB+qU3Vs1kZqw=="],

    "@aws-crypto/sha256-js": ["@aws-crypto/sha256-js@5.2.0", "", { "dependencies": { "@aws-crypto/util": "^5.2.0", "@aws-sdk/types": "^3.222.0", "tslib": "^2.6.2" } }, "sha512-FFQQyu7edu4ufvIZ+OadFpHHOt+eSTBaYaki44c+akjg7qZg9oOQeLlk77F6tSYqjDAFClrHJk9tMf0HdVyOvA=="],

    "@aws-crypto/supports-web-crypto": ["@aws-crypto/supports-web-crypto@5.2.0", "", { "dependencies": { "tslib": "^2.6.2" } }, "sha512-iAvUotm021kM33eCdNfwIN//F77/IADDSs58i+MDaOqFrVjZo9bAal0NK7HurRuWLLpF1iLX7gbWrjHjeo+YFg=="],

    "@aws-crypto/util": ["@aws-crypto/util@5.2.0", "", { "dependencies": { "@aws-sdk/types": "^3.222.0", "@smithy/util-utf8": "^2.0.0", "tslib": "^2.6.2" } }, "sha512-4RkU9EsI6ZpBve5fseQlGNUWKMa1RLPQ1dnjnQoe07ldfIzcsGb5hC5W0Dm7u423KWzawlrpbjXBrXCEv9zazQ=="],

    "@aws-sdk/client-auto-scaling": ["@aws-sdk/client-auto-scaling@3.879.0", "", { "dependencies": { "@aws-crypto/sha256-browser": "5.2.0", "@aws-crypto/sha256-js": "5.2.0", "@aws-sdk/core": "3.879.0", "@aws-sdk/credential-provider-node": "3.879.0", "@aws-sdk/middleware-host-header": "3.873.0", "@aws-sdk/middleware-logger": "3.876.0", "@aws-sdk/middleware-recursion-detection": "3.873.0", "@aws-sdk/middleware-user-agent": "3.879.0", "@aws-sdk/region-config-resolver": "3.873.0", "@aws-sdk/types": "3.862.0", "@aws-sdk/util-endpoints": "3.879.0", "@aws-sdk/util-user-agent-browser": "3.873.0", "@aws-sdk/util-user-agent-node": "3.879.0", "@smithy/config-resolver": "^4.1.5", "@smithy/core": "^3.9.0", "@smithy/fetch-http-handler": "^5.1.1", "@smithy/hash-node": "^4.0.5", "@smithy/invalid-dependency": "^4.0.5", "@smithy/middleware-content-length": "^4.0.5", "@smithy/middleware-endpoint": "^4.1.19", "@smithy/middleware-retry": "^4.1.20", "@smithy/middleware-serde": "^4.0.9", "@smithy/middleware-stack": "^4.0.5", "@smithy/node-config-provider": "^4.1.4", "@smithy/node-http-handler": "^4.1.1", "@smithy/protocol-http": "^5.1.3", "@smithy/smithy-client": "^4.5.0", "@smithy/types": "^4.3.2", "@smithy/url-parser": "^4.0.5", "@smithy/util-base64": "^4.0.0", "@smithy/util-body-length-browser": "^4.0.0", "@smithy/util-body-length-node": "^4.0.0", "@smithy/util-defaults-mode-browser": "^4.0.27", "@smithy/util-defaults-mode-node": "^4.0.27", "@smithy/util-endpoints": "^3.0.7", "@smithy/util-middleware": "^4.0.5", "@smithy/util-retry": "^4.0.7", "@smithy/util-utf8": "^4.0.0", "@smithy/util-waiter": "^4.0.7", "tslib": "^2.6.2" } }, "sha512-wnxqfRMxS8Q2CGndoUgvtndtCO7hRGduCkK3leuT0/dCYdJZFktqdUDVnoECIhXJ4fCgXdBNs9TndOmu8ys6fw=="],

    "@aws-sdk/client-sso": ["@aws-sdk/client-sso@3.879.0", "", { "dependencies": { "@aws-crypto/sha256-browser": "5.2.0", "@aws-crypto/sha256-js": "5.2.0", "@aws-sdk/core": "3.879.0", "@aws-sdk/middleware-host-header": "3.873.0", "@aws-sdk/middleware-logger": "3.876.0", "@aws-sdk/middleware-recursion-detection": "3.873.0", "@aws-sdk/middleware-user-agent": "3.879.0", "@aws-sdk/region-config-resolver": "3.873.0", "@aws-sdk/types": "3.862.0", "@aws-sdk/util-endpoints": "3.879.0", "@aws-sdk/util-user-agent-browser": "3.873.0", "@aws-sdk/util-user-agent-node": "3.879.0", "@smithy/config-resolver": "^4.1.5", "@smithy/core": "^3.9.0", "@smithy/fetch-http-handler": "^5.1.1", "@smithy/hash-node": "^4.0.5", "@smithy/invalid-dependency": "^4.0.5", "@smithy/middleware-content-length": "^4.0.5", "@smithy/middleware-endpoint": "^4.1.19", "@smithy/middleware-retry": "^4.1.20", "@smithy/middleware-serde": "^4.0.9", "@smithy/middleware-stack": "^4.0.5", "@smithy/node-config-provider": "^4.1.4", "@smithy/node-http-handler": "^4.1.1", "@smithy/protocol-http": "^5.1.3", "@smithy/smithy-client": "^4.5.0", "@smithy/types": "^4.3.2", "@smithy/url-parser": "^4.0.5", "@smithy/util-base64": "^4.0.0", "@smithy/util-body-length-browser": "^4.0.0", "@smithy/util-body-length-node": "^4.0.0", "@smithy/util-defaults-mode-browser": "^4.0.27", "@smithy/util-defaults-mode-node": "^4.0.27", "@smithy/util-endpoints": "^3.0.7", "@smithy/util-middleware": "^4.0.5", "@smithy/util-retry": "^4.0.7", "@smithy/util-utf8": "^4.0.0", "tslib": "^2.6.2" } }, "sha512-+Pc3OYFpRYpKLKRreovPM63FPPud1/SF9vemwIJfz6KwsBCJdvg7vYD1xLSIp5DVZLeetgf4reCyAA5ImBfZuw=="],

    "@aws-sdk/core": ["@aws-sdk/core@3.879.0", "", { "dependencies": { "@aws-sdk/types": "3.862.0", "@aws-sdk/xml-builder": "3.873.0", "@smithy/core": "^3.9.0", "@smithy/node-config-provider": "^4.1.4", "@smithy/property-provider": "^4.0.5", "@smithy/protocol-http": "^5.1.3", "@smithy/signature-v4": "^5.1.3", "@smithy/smithy-client": "^4.5.0", "@smithy/types": "^4.3.2", "@smithy/util-base64": "^4.0.0", "@smithy/util-body-length-browser": "^4.0.0", "@smithy/util-middleware": "^4.0.5", "@smithy/util-utf8": "^4.0.0", "fast-xml-parser": "5.2.5", "tslib": "^2.6.2" } }, "sha512-AhNmLCrx980LsK+SfPXGh7YqTyZxsK0Qmy18mWmkfY0TSq7WLaSDB5zdQbgbnQCACCHy8DUYXbi4KsjlIhv3PA=="],

    "@aws-sdk/credential-provider-env": ["@aws-sdk/credential-provider-env@3.879.0", "", { "dependencies": { "@aws-sdk/core": "3.879.0", "@aws-sdk/types": "3.862.0", "@smithy/property-provider": "^4.0.5", "@smithy/types": "^4.3.2", "tslib": "^2.6.2" } }, "sha512-JgG7A8SSbr5IiCYL8kk39Y9chdSB5GPwBorDW8V8mr19G9L+qd6ohED4fAocoNFaDnYJ5wGAHhCfSJjzcsPBVQ=="],

    "@aws-sdk/credential-provider-http": ["@aws-sdk/credential-provider-http@3.879.0", "", { "dependencies": { "@aws-sdk/core": "3.879.0", "@aws-sdk/types": "3.862.0", "@smithy/fetch-http-handler": "^5.1.1", "@smithy/node-http-handler": "^4.1.1", "@smithy/property-provider": "^4.0.5", "@smithy/protocol-http": "^5.1.3", "@smithy/smithy-client": "^4.5.0", "@smithy/types": "^4.3.2", "@smithy/util-stream": "^4.2.4", "tslib": "^2.6.2" } }, "sha512-2hM5ByLpyK+qORUexjtYyDZsgxVCCUiJQZRMGkNXFEGz6zTpbjfTIWoh3zRgWHEBiqyPIyfEy50eIF69WshcuA=="],

    "@aws-sdk/credential-provider-ini": ["@aws-sdk/credential-provider-ini@3.879.0", "", { "dependencies": { "@aws-sdk/core": "3.879.0", "@aws-sdk/credential-provider-env": "3.879.0", "@aws-sdk/credential-provider-http": "3.879.0", "@aws-sdk/credential-provider-process": "3.879.0", "@aws-sdk/credential-provider-sso": "3.879.0", "@aws-sdk/credential-provider-web-identity": "3.879.0", "@aws-sdk/nested-clients": "3.879.0", "@aws-sdk/types": "3.862.0", "@smithy/credential-provider-imds": "^4.0.7", "@smithy/property-provider": "^4.0.5", "@smithy/shared-ini-file-loader": "^4.0.5", "@smithy/types": "^4.3.2", "tslib": "^2.6.2" } }, "sha512-07M8zfb73KmMBqVO5/V3Ea9kqDspMX0fO0kaI1bsjWI6ngnMye8jCE0/sIhmkVAI0aU709VA0g+Bzlopnw9EoQ=="],

    "@aws-sdk/credential-provider-node": ["@aws-sdk/credential-provider-node@3.879.0", "", { "dependencies": { "@aws-sdk/credential-provider-env": "3.879.0", "@aws-sdk/credential-provider-http": "3.879.0", "@aws-sdk/credential-provider-ini": "3.879.0", "@aws-sdk/credential-provider-process": "3.879.0", "@aws-sdk/credential-provider-sso": "3.879.0", "@aws-sdk/credential-provider-web-identity": "3.879.0", "@aws-sdk/types": "3.862.0", "@smithy/credential-provider-imds": "^4.0.7", "@smithy/property-provider": "^4.0.5", "@smithy/shared-ini-file-loader": "^4.0.5", "@smithy/types": "^4.3.2", "tslib": "^2.6.2" } }, "sha512-FYaAqJbnSTrVL2iZkNDj2hj5087yMv2RN2GA8DJhe7iOJjzhzRojrtlfpWeJg6IhK0sBKDH+YXbdeexCzUJvtA=="],

    "@aws-sdk/credential-provider-process": ["@aws-sdk/credential-provider-process@3.879.0", "", { "dependencies": { "@aws-sdk/core": "3.879.0", "@aws-sdk/types": "3.862.0", "@smithy/property-provider": "^4.0.5", "@smithy/shared-ini-file-loader": "^4.0.5", "@smithy/types": "^4.3.2", "tslib": "^2.6.2" } }, "sha512-7r360x1VyEt35Sm1JFOzww2WpnfJNBbvvnzoyLt7WRfK0S/AfsuWhu5ltJ80QvJ0R3AiSNbG+q/btG2IHhDYPQ=="],

    "@aws-sdk/credential-provider-sso": ["@aws-sdk/credential-provider-sso@3.879.0", "", { "dependencies": { "@aws-sdk/client-sso": "3.879.0", "@aws-sdk/core": "3.879.0", "@aws-sdk/token-providers": "3.879.0", "@aws-sdk/types": "3.862.0", "@smithy/property-provider": "^4.0.5", "@smithy/shared-ini-file-loader": "^4.0.5", "@smithy/types": "^4.3.2", "tslib": "^2.6.2" } }, "sha512-gd27B0NsgtKlaPNARj4IX7F7US5NuU691rGm0EUSkDsM7TctvJULighKoHzPxDQlrDbVI11PW4WtKS/Zg5zPlQ=="],

    "@aws-sdk/credential-provider-web-identity": ["@aws-sdk/credential-provider-web-identity@3.879.0", "", { "dependencies": { "@aws-sdk/core": "3.879.0", "@aws-sdk/nested-clients": "3.879.0", "@aws-sdk/types": "3.862.0", "@smithy/property-provider": "^4.0.5", "@smithy/types": "^4.3.2", "tslib": "^2.6.2" } }, "sha512-Jy4uPFfGzHk1Mxy+/Wr43vuw9yXsE2yiF4e4598vc3aJfO0YtA2nSfbKD3PNKRORwXbeKqWPfph9SCKQpWoxEg=="],

    "@aws-sdk/middleware-host-header": ["@aws-sdk/middleware-host-header@3.873.0", "", { "dependencies": { "@aws-sdk/types": "3.862.0", "@smithy/protocol-http": "^5.1.3", "@smithy/types": "^4.3.2", "tslib": "^2.6.2" } }, "sha512-KZ/W1uruWtMOs7D5j3KquOxzCnV79KQW9MjJFZM/M0l6KI8J6V3718MXxFHsTjUE4fpdV6SeCNLV1lwGygsjJA=="],

    "@aws-sdk/middleware-logger": ["@aws-sdk/middleware-logger@3.876.0", "", { "dependencies": { "@aws-sdk/types": "3.862.0", "@smithy/types": "^4.3.2", "tslib": "^2.6.2" } }, "sha512-cpWJhOuMSyz9oV25Z/CMHCBTgafDCbv7fHR80nlRrPdPZ8ETNsahwRgltXP1QJJ8r3X/c1kwpOR7tc+RabVzNA=="],

    "@aws-sdk/middleware-recursion-detection": ["@aws-sdk/middleware-recursion-detection@3.873.0", "", { "dependencies": { "@aws-sdk/types": "3.862.0", "@smithy/protocol-http": "^5.1.3", "@smithy/types": "^4.3.2", "tslib": "^2.6.2" } }, "sha512-OtgY8EXOzRdEWR//WfPkA/fXl0+WwE8hq0y9iw2caNyKPtca85dzrrZWnPqyBK/cpImosrpR1iKMYr41XshsCg=="],

    "@aws-sdk/middleware-user-agent": ["@aws-sdk/middleware-user-agent@3.879.0", "", { "dependencies": { "@aws-sdk/core": "3.879.0", "@aws-sdk/types": "3.862.0", "@aws-sdk/util-endpoints": "3.879.0", "@smithy/core": "^3.9.0", "@smithy/protocol-http": "^5.1.3", "@smithy/types": "^4.3.2", "tslib": "^2.6.2" } }, "sha512-DDSV8228lQxeMAFKnigkd0fHzzn5aauZMYC3CSj6e5/qE7+9OwpkUcjHfb7HZ9KWG6L2/70aKZXHqiJ4xKhOZw=="],

    "@aws-sdk/nested-clients": ["@aws-sdk/nested-clients@3.879.0", "", { "dependencies": { "@aws-crypto/sha256-browser": "5.2.0", "@aws-crypto/sha256-js": "5.2.0", "@aws-sdk/core": "3.879.0", "@aws-sdk/middleware-host-header": "3.873.0", "@aws-sdk/middleware-logger": "3.876.0", "@aws-sdk/middleware-recursion-detection": "3.873.0", "@aws-sdk/middleware-user-agent": "3.879.0", "@aws-sdk/region-config-resolver": "3.873.0", "@aws-sdk/types": "3.862.0", "@aws-sdk/util-endpoints": "3.879.0", "@aws-sdk/util-user-agent-browser": "3.873.0", "@aws-sdk/util-user-agent-node": "3.879.0", "@smithy/config-resolver": "^4.1.5", "@smithy/core": "^3.9.0", "@smithy/fetch-http-handler": "^5.1.1", "@smithy/hash-node": "^4.0.5", "@smithy/invalid-dependency": "^4.0.5", "@smithy/middleware-content-length": "^4.0.5", "@smithy/middleware-endpoint": "^4.1.19", "@smithy/middleware-retry": "^4.1.20", "@smithy/middleware-serde": "^4.0.9", "@smithy/middleware-stack": "^4.0.5", "@smithy/node-config-provider": "^4.1.4", "@smithy/node-http-handler": "^4.1.1", "@smithy/protocol-http": "^5.1.3", "@smithy/smithy-client": "^4.5.0", "@smithy/types": "^4.3.2", "@smithy/url-parser": "^4.0.5", "@smithy/util-base64": "^4.0.0", "@smithy/util-body-length-browser": "^4.0.0", "@smithy/util-body-length-node": "^4.0.0", "@smithy/util-defaults-mode-browser": "^4.0.27", "@smithy/util-defaults-mode-node": "^4.0.27", "@smithy/util-endpoints": "^3.0.7", "@smithy/util-middleware": "^4.0.5", "@smithy/util-retry": "^4.0.7", "@smithy/util-utf8": "^4.0.0", "tslib": "^2.6.2" } }, "sha512-7+n9NpIz9QtKYnxmw1fHi9C8o0GrX8LbBR4D50c7bH6Iq5+XdSuL5AFOWWQ5cMD0JhqYYJhK/fJsVau3nUtC4g=="],

    "@aws-sdk/region-config-resolver": ["@aws-sdk/region-config-resolver@3.873.0", "", { "dependencies": { "@aws-sdk/types": "3.862.0", "@smithy/node-config-provider": "^4.1.4", "@smithy/types": "^4.3.2", "@smithy/util-config-provider": "^4.0.0", "@smithy/util-middleware": "^4.0.5", "tslib": "^2.6.2" } }, "sha512-q9sPoef+BBG6PJnc4x60vK/bfVwvRWsPgcoQyIra057S/QGjq5VkjvNk6H8xedf6vnKlXNBwq9BaANBXnldUJg=="],

    "@aws-sdk/token-providers": ["@aws-sdk/token-providers@3.879.0", "", { "dependencies": { "@aws-sdk/core": "3.879.0", "@aws-sdk/nested-clients": "3.879.0", "@aws-sdk/types": "3.862.0", "@smithy/property-provider": "^4.0.5", "@smithy/shared-ini-file-loader": "^4.0.5", "@smithy/types": "^4.3.2", "tslib": "^2.6.2" } }, "sha512-47J7sCwXdnw9plRZNAGVkNEOlSiLb/kR2slnDIHRK9NB/ECKsoqgz5OZQJ9E2f0yqOs8zSNJjn3T01KxpgW8Qw=="],

    "@aws-sdk/types": ["@aws-sdk/types@3.862.0", "", { "dependencies": { "@smithy/types": "^4.3.2", "tslib": "^2.6.2" } }, "sha512-Bei+RL0cDxxV+lW2UezLbCYYNeJm6Nzee0TpW0FfyTRBhH9C1XQh4+x+IClriXvgBnRquTMMYsmJfvx8iyLKrg=="],

    "@aws-sdk/util-endpoints": ["@aws-sdk/util-endpoints@3.879.0", "", { "dependencies": { "@aws-sdk/types": "3.862.0", "@smithy/types": "^4.3.2", "@smithy/url-parser": "^4.0.5", "@smithy/util-endpoints": "^3.0.7", "tslib": "^2.6.2" } }, "sha512-aVAJwGecYoEmbEFju3127TyJDF9qJsKDUUTRMDuS8tGn+QiWQFnfInmbt+el9GU1gEJupNTXV+E3e74y51fb7A=="],

    "@aws-sdk/util-locate-window": ["@aws-sdk/util-locate-window@3.804.0", "", { "dependencies": { "tslib": "^2.6.2" } }, "sha512-zVoRfpmBVPodYlnMjgVjfGoEZagyRF5IPn3Uo6ZvOZp24chnW/FRstH7ESDHDDRga4z3V+ElUQHKpFDXWyBW5A=="],

    "@aws-sdk/util-user-agent-browser": ["@aws-sdk/util-user-agent-browser@3.873.0", "", { "dependencies": { "@aws-sdk/types": "3.862.0", "@smithy/types": "^4.3.2", "bowser": "^2.11.0", "tslib": "^2.6.2" } }, "sha512-AcRdbK6o19yehEcywI43blIBhOCSo6UgyWcuOJX5CFF8k39xm1ILCjQlRRjchLAxWrm0lU0Q7XV90RiMMFMZtA=="],

    "@aws-sdk/util-user-agent-node": ["@aws-sdk/util-user-agent-node@3.879.0", "", { "dependencies": { "@aws-sdk/middleware-user-agent": "3.879.0", "@aws-sdk/types": "3.862.0", "@smithy/node-config-provider": "^4.1.4", "@smithy/types": "^4.3.2", "tslib": "^2.6.2" }, "peerDependencies": { "aws-crt": ">=1.0.0" }, "optionalPeers": ["aws-crt"] }, "sha512-A5KGc1S+CJRzYnuxJQQmH1BtGsz46AgyHkqReKfGiNQA8ET/9y9LQ5t2ABqnSBHHIh3+MiCcQSkUZ0S3rTodrQ=="],

    "@aws-sdk/xml-builder": ["@aws-sdk/xml-builder@3.873.0", "", { "dependencies": { "@smithy/types": "^4.3.2", "tslib": "^2.6.2" } }, "sha512-kLO7k7cGJ6KaHiExSJWojZurF7SnGMDHXRuQunFnEoD0n1yB6Lqy/S/zHiQ7oJnBhPr9q0TW9qFkrsZb1Uc54w=="],

    "@smithy/abort-controller": ["@smithy/abort-controller@4.0.5", "", { "dependencies": { "@smithy/types": "^4.3.2", "tslib": "^2.6.2" } }, "sha512-jcrqdTQurIrBbUm4W2YdLVMQDoL0sA9DTxYd2s+R/y+2U9NLOP7Xf/YqfSg1FZhlZIYEnvk2mwbyvIfdLEPo8g=="],

    "@smithy/config-resolver": ["@smithy/config-resolver@4.1.5", "", { "dependencies": { "@smithy/node-config-provider": "^4.1.4", "@smithy/types": "^4.3.2", "@smithy/util-config-provider": "^4.0.0", "@smithy/util-middleware": "^4.0.5", "tslib": "^2.6.2" } }, "sha512-viuHMxBAqydkB0AfWwHIdwf/PRH2z5KHGUzqyRtS/Wv+n3IHI993Sk76VCA7dD/+GzgGOmlJDITfPcJC1nIVIw=="],

    "@smithy/core": ["@smithy/core@3.9.1", "", { "dependencies": { "@smithy/middleware-serde": "^4.0.9", "@smithy/protocol-http": "^5.1.3", "@smithy/types": "^4.3.2", "@smithy/util-base64": "^4.0.0", "@smithy/util-body-length-browser": "^4.0.0", "@smithy/util-middleware": "^4.0.5", "@smithy/util-stream": "^4.2.4", "@smithy/util-utf8": "^4.0.0", "@types/uuid": "^9.0.1", "tslib": "^2.6.2", "uuid": "^9.0.1" } }, "sha512-E3erEn1SjPq8P9w2fPlp1+slaq6FlrRKlsaLCo0aPMY2j94lwZlwz1yqY4yDeX3+ViG+sOEPPRBZGfdciMtABA=="],

    "@smithy/credential-provider-imds": ["@smithy/credential-provider-imds@4.0.7", "", { "dependencies": { "@smithy/node-config-provider": "^4.1.4", "@smithy/property-provider": "^4.0.5", "@smithy/types": "^4.3.2", "@smithy/url-parser": "^4.0.5", "tslib": "^2.6.2" } }, "sha512-dDzrMXA8d8riFNiPvytxn0mNwR4B3h8lgrQ5UjAGu6T9z/kRg/Xncf4tEQHE/+t25sY8IH3CowcmWi+1U5B1Gw=="],

    "@smithy/fetch-http-handler": ["@smithy/fetch-http-handler@5.1.1", "", { "dependencies": { "@smithy/protocol-http": "^5.1.3", "@smithy/querystring-builder": "^4.0.5", "@smithy/types": "^4.3.2", "@smithy/util-base64": "^4.0.0", "tslib": "^2.6.2" } }, "sha512-61WjM0PWmZJR+SnmzaKI7t7G0UkkNFboDpzIdzSoy7TByUzlxo18Qlh9s71qug4AY4hlH/CwXdubMtkcNEb/sQ=="],

    "@smithy/hash-node": ["@smithy/hash-node@4.0.5", "", { "dependencies": { "@smithy/types": "^4.3.2", "@smithy/util-buffer-from": "^4.0.0", "@smithy/util-utf8": "^4.0.0", "tslib": "^2.6.2" } }, "sha512-cv1HHkKhpyRb6ahD8Vcfb2Hgz67vNIXEp2vnhzfxLFGRukLCNEA5QdsorbUEzXma1Rco0u3rx5VTqbM06GcZqQ=="],

    "@smithy/invalid-dependency": ["@smithy/invalid-dependency@4.0.5", "", { "dependencies": { "@smithy/types": "^4.3.2", "tslib": "^2.6.2" } }, "sha512-IVnb78Qtf7EJpoEVo7qJ8BEXQwgC4n3igeJNNKEj/MLYtapnx8A67Zt/J3RXAj2xSO1910zk0LdFiygSemuLow=="],

    "@smithy/is-array-buffer": ["@smithy/is-array-buffer@4.0.0", "", { "dependencies": { "tslib": "^2.6.2" } }, "sha512-saYhF8ZZNoJDTvJBEWgeBccCg+yvp1CX+ed12yORU3NilJScfc6gfch2oVb4QgxZrGUx3/ZJlb+c/dJbyupxlw=="],

    "@smithy/middleware-content-length": ["@smithy/middleware-content-length@4.0.5", "", { "dependencies": { "@smithy/protocol-http": "^5.1.3", "@smithy/types": "^4.3.2", "tslib": "^2.6.2" } }, "sha512-l1jlNZoYzoCC7p0zCtBDE5OBXZ95yMKlRlftooE5jPWQn4YBPLgsp+oeHp7iMHaTGoUdFqmHOPa8c9G3gBsRpQ=="],

    "@smithy/middleware-endpoint": ["@smithy/middleware-endpoint@4.1.20", "", { "dependencies": { "@smithy/core": "^3.9.1", "@smithy/middleware-serde": "^4.0.9", "@smithy/node-config-provider": "^4.1.4", "@smithy/shared-ini-file-loader": "^4.0.5", "@smithy/types": "^4.3.2", "@smithy/url-parser": "^4.0.5", "@smithy/util-middleware": "^4.0.5", "tslib": "^2.6.2" } }, "sha512-6jwjI4l9LkpEN/77ylyWsA6o81nKSIj8itRjtPpVqYSf+q8b12uda0Upls5CMSDXoL/jY2gPsNj+/Tg3gbYYew=="],

    "@smithy/middleware-retry": ["@smithy/middleware-retry@4.1.21", "", { "dependencies": { "@smithy/node-config-provider": "^4.1.4", "@smithy/protocol-http": "^5.1.3", "@smithy/service-error-classification": "^4.0.7", "@smithy/smithy-client": "^4.5.1", "@smithy/types": "^4.3.2", "@smithy/util-middleware": "^4.0.5", "@smithy/util-retry": "^4.0.7", "@types/uuid": "^9.0.1", "tslib": "^2.6.2", "uuid": "^9.0.1" } }, "sha512-oFpp+4JfNef0Mp2Jw8wIl1jVxjhUU3jFZkk3UTqBtU5Xp6/ahTu6yo1EadWNPAnCjKTo8QB6Q+SObX97xfMUtA=="],

    "@smithy/middleware-serde": ["@smithy/middleware-serde@4.0.9", "", { "dependencies": { "@smithy/protocol-http": "^5.1.3", "@smithy/types": "^4.3.2", "tslib": "^2.6.2" } }, "sha512-uAFFR4dpeoJPGz8x9mhxp+RPjo5wW0QEEIPPPbLXiRRWeCATf/Km3gKIVR5vaP8bN1kgsPhcEeh+IZvUlBv6Xg=="],

    "@smithy/middleware-stack": ["@smithy/middleware-stack@4.0.5", "", { "dependencies": { "@smithy/types": "^4.3.2", "tslib": "^2.6.2" } }, "sha512-/yoHDXZPh3ocRVyeWQFvC44u8seu3eYzZRveCMfgMOBcNKnAmOvjbL9+Cp5XKSIi9iYA9PECUuW2teDAk8T+OQ=="],

    "@smithy/node-config-provider": ["@smithy/node-config-provider@4.1.4", "", { "dependencies": { "@smithy/property-provider": "^4.0.5", "@smithy/shared-ini-file-loader": "^4.0.5", "@smithy/types": "^4.3.2", "tslib": "^2.6.2" } }, "sha512-+UDQV/k42jLEPPHSn39l0Bmc4sB1xtdI9Gd47fzo/0PbXzJ7ylgaOByVjF5EeQIumkepnrJyfx86dPa9p47Y+w=="],

    "@smithy/node-http-handler": ["@smithy/node-http-handler@4.1.1", "", { "dependencies": { "@smithy/abort-controller": "^4.0.5", "@smithy/protocol-http": "^5.1.3", "@smithy/querystring-builder": "^4.0.5", "@smithy/types": "^4.3.2", "tslib": "^2.6.2" } }, "sha512-RHnlHqFpoVdjSPPiYy/t40Zovf3BBHc2oemgD7VsVTFFZrU5erFFe0n52OANZZ/5sbshgD93sOh5r6I35Xmpaw=="],

    "@smithy/property-provider": ["@smithy/property-provider@4.0.5", "", { "dependencies": { "@smithy/types": "^4.3.2", "tslib": "^2.6.2" } }, "sha512-R/bswf59T/n9ZgfgUICAZoWYKBHcsVDurAGX88zsiUtOTA/xUAPyiT+qkNCPwFn43pZqN84M4MiUsbSGQmgFIQ=="],

    "@smithy/protocol-http": ["@smithy/protocol-http@5.1.3", "", { "dependencies": { "@smithy/types": "^4.3.2", "tslib": "^2.6.2" } }, "sha512-fCJd2ZR7D22XhDY0l+92pUag/7je2BztPRQ01gU5bMChcyI0rlly7QFibnYHzcxDvccMjlpM/Q1ev8ceRIb48w=="],

    "@smithy/querystring-builder": ["@smithy/querystring-builder@4.0.5", "", { "dependencies": { "@smithy/types": "^4.3.2", "@smithy/util-uri-escape": "^4.0.0", "tslib": "^2.6.2" } }, "sha512-NJeSCU57piZ56c+/wY+AbAw6rxCCAOZLCIniRE7wqvndqxcKKDOXzwWjrY7wGKEISfhL9gBbAaWWgHsUGedk+A=="],

    "@smithy/querystring-parser": ["@smithy/querystring-parser@4.0.5", "", { "dependencies": { "@smithy/types": "^4.3.2", "tslib": "^2.6.2" } }, "sha512-6SV7md2CzNG/WUeTjVe6Dj8noH32r4MnUeFKZrnVYsQxpGSIcphAanQMayi8jJLZAWm6pdM9ZXvKCpWOsIGg0w=="],

    "@smithy/service-error-classification": ["@smithy/service-error-classification@4.0.7", "", { "dependencies": { "@smithy/types": "^4.3.2" } }, "sha512-XvRHOipqpwNhEjDf2L5gJowZEm5nsxC16pAZOeEcsygdjv9A2jdOh3YoDQvOXBGTsaJk6mNWtzWalOB9976Wlg=="],

    "@smithy/shared-ini-file-loader": ["@smithy/shared-ini-file-loader@4.0.5", "", { "dependencies": { "@smithy/types": "^4.3.2", "tslib": "^2.6.2" } }, "sha512-YVVwehRDuehgoXdEL4r1tAAzdaDgaC9EQvhK0lEbfnbrd0bd5+CTQumbdPryX3J2shT7ZqQE+jPW4lmNBAB8JQ=="],

    "@smithy/signature-v4": ["@smithy/signature-v4@5.1.3", "", { "dependencies": { "@smithy/is-array-buffer": "^4.0.0", "@smithy/protocol-http": "^5.1.3", "@smithy/types": "^4.3.2", "@smithy/util-hex-encoding": "^4.0.0", "@smithy/util-middleware": "^4.0.5", "@smithy/util-uri-escape": "^4.0.0", "@smithy/util-utf8": "^4.0.0", "tslib": "^2.6.2" } }, "sha512-mARDSXSEgllNzMw6N+mC+r1AQlEBO3meEAkR/UlfAgnMzJUB3goRBWgip1EAMG99wh36MDqzo86SfIX5Y+VEaw=="],

    "@smithy/smithy-client": ["@smithy/smithy-client@4.5.1", "", { "dependencies": { "@smithy/core": "^3.9.1", "@smithy/middleware-endpoint": "^4.1.20", "@smithy/middleware-stack": "^4.0.5", "@smithy/protocol-http": "^5.1.3", "@smithy/types": "^4.3.2", "@smithy/util-stream": "^4.2.4", "tslib": "^2.6.2" } }, "sha512-PuvtnQgwpy3bb56YvHAP7eRwp862yJxtQno40UX9kTjjkgTlo//ov+e1IVCFTiELcAOiqF2++Y0e7eH/Zgv5Vw=="],

    "@smithy/types": ["@smithy/types@4.3.2", "", { "dependencies": { "tslib": "^2.6.2" } }, "sha512-QO4zghLxiQ5W9UZmX2Lo0nta2PuE1sSrXUYDoaB6HMR762C0P7v/HEPHf6ZdglTVssJG1bsrSBxdc3quvDSihw=="],

    "@smithy/url-parser": ["@smithy/url-parser@4.0.5", "", { "dependencies": { "@smithy/querystring-parser": "^4.0.5", "@smithy/types": "^4.3.2", "tslib": "^2.6.2" } }, "sha512-j+733Um7f1/DXjYhCbvNXABV53NyCRRA54C7bNEIxNPs0YjfRxeMKjjgm2jvTYrciZyCjsicHwQ6Q0ylo+NAUw=="],

    "@smithy/util-base64": ["@smithy/util-base64@4.0.0", "", { "dependencies": { "@smithy/util-buffer-from": "^4.0.0", "@smithy/util-utf8": "^4.0.0", "tslib": "^2.6.2" } }, "sha512-CvHfCmO2mchox9kjrtzoHkWHxjHZzaFojLc8quxXY7WAAMAg43nuxwv95tATVgQFNDwd4M9S1qFzj40Ul41Kmg=="],

    "@smithy/util-body-length-browser": ["@smithy/util-body-length-browser@4.0.0", "", { "dependencies": { "tslib": "^2.6.2" } }, "sha512-sNi3DL0/k64/LO3A256M+m3CDdG6V7WKWHdAiBBMUN8S3hK3aMPhwnPik2A/a2ONN+9doY9UxaLfgqsIRg69QA=="],

    "@smithy/util-body-length-node": ["@smithy/util-body-length-node@4.0.0", "", { "dependencies": { "tslib": "^2.6.2" } }, "sha512-q0iDP3VsZzqJyje8xJWEJCNIu3lktUGVoSy1KB0UWym2CL1siV3artm+u1DFYTLejpsrdGyCSWBdGNjJzfDPjg=="],

    "@smithy/util-buffer-from": ["@smithy/util-buffer-from@4.0.0", "", { "dependencies": { "@smithy/is-array-buffer": "^4.0.0", "tslib": "^2.6.2" } }, "sha512-9TOQ7781sZvddgO8nxueKi3+yGvkY35kotA0Y6BWRajAv8jjmigQ1sBwz0UX47pQMYXJPahSKEKYFgt+rXdcug=="],

    "@smithy/util-config-provider": ["@smithy/util-config-provider@4.0.0", "", { "dependencies": { "tslib": "^2.6.2" } }, "sha512-L1RBVzLyfE8OXH+1hsJ8p+acNUSirQnWQ6/EgpchV88G6zGBTDPdXiiExei6Z1wR2RxYvxY/XLw6AMNCCt8H3w=="],

    "@smithy/util-defaults-mode-browser": ["@smithy/util-defaults-mode-browser@4.0.28", "", { "dependencies": { "@smithy/property-provider": "^4.0.5", "@smithy/smithy-client": "^4.5.1", "@smithy/types": "^4.3.2", "bowser": "^2.11.0", "tslib": "^2.6.2" } }, "sha512-83Iqb9c443d8S/9PD6Bb770Q3ZvCenfgJDoR98iveI+zKpu6d4mOVS2RKBU9Z4VQPbRcrRj71SY0kZePGh+wZg=="],

    "@smithy/util-defaults-mode-node": ["@smithy/util-defaults-mode-node@4.0.28", "", { "dependencies": { "@smithy/config-resolver": "^4.1.5", "@smithy/credential-provider-imds": "^4.0.7", "@smithy/node-config-provider": "^4.1.4", "@smithy/property-provider": "^4.0.5", "@smithy/smithy-client": "^4.5.1", "@smithy/types": "^4.3.2", "tslib": "^2.6.2" } }, "sha512-LzklW4HepBM198vH0C3v+WSkMHOkxu7axCEqGoKdICz3RHLq+mDs2AkDDXVtB61+SHWoiEsc6HOObzVQbNLO0Q=="],

    "@smithy/util-endpoints": ["@smithy/util-endpoints@3.0.7", "", { "dependencies": { "@smithy/node-config-provider": "^4.1.4", "@smithy/types": "^4.3.2", "tslib": "^2.6.2" } }, "sha512-klGBP+RpBp6V5JbrY2C/VKnHXn3d5V2YrifZbmMY8os7M6m8wdYFoO6w/fe5VkP+YVwrEktW3IWYaSQVNZJ8oQ=="],

    "@smithy/util-hex-encoding": ["@smithy/util-hex-encoding@4.0.0", "", { "dependencies": { "tslib": "^2.6.2" } }, "sha512-Yk5mLhHtfIgW2W2WQZWSg5kuMZCVbvhFmC7rV4IO2QqnZdbEFPmQnCcGMAX2z/8Qj3B9hYYNjZOhWym+RwhePw=="],

    "@smithy/util-middleware": ["@smithy/util-middleware@4.0.5", "", { "dependencies": { "@smithy/types": "^4.3.2", "tslib": "^2.6.2" } }, "sha512-N40PfqsZHRSsByGB81HhSo+uvMxEHT+9e255S53pfBw/wI6WKDI7Jw9oyu5tJTLwZzV5DsMha3ji8jk9dsHmQQ=="],

    "@smithy/util-retry": ["@smithy/util-retry@4.0.7", "", { "dependencies": { "@smithy/service-error-classification": "^4.0.7", "@smithy/types": "^4.3.2", "tslib": "^2.6.2" } }, "sha512-TTO6rt0ppK70alZpkjwy+3nQlTiqNfoXja+qwuAchIEAIoSZW8Qyd76dvBv3I5bCpE38APafG23Y/u270NspiQ=="],

    "@smithy/util-stream": ["@smithy/util-stream@4.2.4", "", { "dependencies": { "@smithy/fetch-http-handler": "^5.1.1", "@smithy/node-http-handler": "^4.1.1", "@smithy/types": "^4.3.2", "@smithy/util-base64": "^4.0.0", "@smithy/util-buffer-from": "^4.0.0", "@smithy/util-hex-encoding": "^4.0.0", "@smithy/util-utf8": "^4.0.0", "tslib": "^2.6.2" } }, "sha512-vSKnvNZX2BXzl0U2RgCLOwWaAP9x/ddd/XobPK02pCbzRm5s55M53uwb1rl/Ts7RXZvdJZerPkA+en2FDghLuQ=="],

    "@smithy/util-uri-escape": ["@smithy/util-uri-escape@4.0.0", "", { "dependencies": { "tslib": "^2.6.2" } }, "sha512-77yfbCbQMtgtTylO9itEAdpPXSog3ZxMe09AEhm0dU0NLTalV70ghDZFR+Nfi1C60jnJoh/Re4090/DuZh2Omg=="],

    "@smithy/util-utf8": ["@smithy/util-utf8@4.0.0", "", { "dependencies": { "@smithy/util-buffer-from": "^4.0.0", "tslib": "^2.6.2" } }, "sha512-b+zebfKCfRdgNJDknHCob3O7FpeYQN6ZG6YLExMcasDHsCXlsXCEuiPZeLnJLpwa5dvPetGlnGCiMHuLwGvFow=="],

    "@smithy/util-waiter": ["@smithy/util-waiter@4.0.7", "", { "dependencies": { "@smithy/abort-controller": "^4.0.5", "@smithy/types": "^4.3.2", "tslib": "^2.6.2" } }, "sha512-mYqtQXPmrwvUljaHyGxYUIIRI3qjBTEb/f5QFi3A6VlxhpmZd5mWXn9W+qUkf2pVE1Hv3SqxefiZOPGdxmO64A=="],

    "@types/uuid": ["@types/uuid@9.0.8", "", {}, "sha512-jg+97EGIcY9AGHJJRaaPVgetKDsrTgbRjQ5Msgjh/DQKEFl0DtyRr/VCOyD1T2R1MNeWPK/u7JoGhlDZnKBAfA=="],

    "bowser": ["bowser@2.12.0", "", {}, "sha512-HcOcTudTeEWgbHh0Y1Tyb6fdeR71m4b/QACf0D4KswGTsNeIJQmg38mRENZPAYPZvGFN3fk3604XbQEPdxXdKg=="],

    "fast-xml-parser": ["fast-xml-parser@5.2.5", "", { "dependencies": { "strnum": "^2.1.0" }, "bin": { "fxparser": "src/cli/cli.js" } }, "sha512-pfX9uG9Ki0yekDHx2SiuRIyFdyAr1kMIMitPvb0YBo8SUfKvia7w7FIyd/l6av85pFYRhZscS75MwMnbvY+hcQ=="],

    "strnum": ["strnum@2.1.1", "", {}, "sha512-7ZvoFTiCnGxBtDqJ//Cu6fWtZtc7Y3x+QOirG15wztbdngGSkht27o2pyGWrVy0b4WAy3jbKmnoK6g5VlVNUUw=="],

    "tslib": ["tslib@2.8.1", "", {}, "sha512-oJFu94HQb+KVduSUQL7wnpmqnfmLsOA/nAh6b6EH0wCEoK0/mPeXU6c3wKDV83MkOuHPRHtSXKKU99IBazS/2w=="],

    "uuid": ["uuid@9.0.1", "", { "bin": { "uuid": "dist/bin/uuid" } }, "sha512-b+1eJOlsR9K8HJpow9Ok3fiWOWSIcIzXodvv0rQjVoOVNpWMpxf1wZNpt4y9h10odCNrqnYp1OBzRktckBe3sA=="],

    "@aws-crypto/sha256-browser/@smithy/util-utf8": ["@smithy/util-utf8@2.3.0", "", { "dependencies": { "@smithy/util-buffer-from": "^2.2.0", "tslib": "^2.6.2" } }, "sha512-R8Rdn8Hy72KKcebgLiv8jQcQkXoLMOGGv5uI1/k0l+snqkOzQ1R0ChUBCxWMlBsFMekWjq0wRudIweFs7sKT5A=="],

    "@aws-crypto/util/@smithy/util-utf8": ["@smithy/util-utf8@2.3.0", "", { "dependencies": { "@smithy/util-buffer-from": "^2.2.0", "tslib": "^2.6.2" } }, "sha512-R8Rdn8Hy72KKcebgLiv8jQcQkXoLMOGGv5uI1/k0l+snqkOzQ1R0ChUBCxWMlBsFMekWjq0wRudIweFs7sKT5A=="],

    "@aws-crypto/sha256-browser/@smithy/util-utf8/@smithy/util-buffer-from": ["@smithy/util-buffer-from@2.2.0", "", { "dependencies": { "@smithy/is-array-buffer": "^2.2.0", "tslib": "^2.6.2" } }, "sha512-IJdWBbTcMQ6DA0gdNhh/BwrLkDR+ADW5Kr1aZmd4k3DIF6ezMV4R2NIAmT08wQJ3yUK82thHWmC/TnK/wpMMIA=="],

    "@aws-crypto/util/@smithy/util-utf8/@smithy/util-buffer-from": ["@smithy/util-buffer-from@2.2.0", "", { "dependencies": { "@smithy/is-array-buffer": "^2.2.0", "tslib": "^2.6.2" } }, "sha512-IJdWBbTcMQ6DA0gdNhh/BwrLkDR+ADW5Kr1aZmd4k3DIF6ezMV4R2NIAmT08wQJ3yUK82thHWmC/TnK/wpMMIA=="],

    "@aws-crypto/sha256-browser/@smithy/util-utf8/@smithy/util-buffer-from/@smithy/is-array-buffer": ["@smithy/is-array-buffer@2.2.0", "", { "dependencies": { "tslib": "^2.6.2" } }, "sha512-GGP3O9QFD24uGeAXYUjwSTXARoqpZykHadOmA8G5vfJPK0/DC67qa//0qvqrJzL1xc8WQWX7/yc7fwudjPHPhA=="],

    "@aws-crypto/util/@smithy/util-utf8/@smithy/util-buffer-from/@smithy/is-array-buffer": ["@smithy/is-array-buffer@2.2.0", "", { "dependencies": { "tslib": "^2.6.2" } }, "sha512-GGP3O9QFD24uGeAXYUjwSTXARoqpZykHadOmA8G5vfJPK0/DC67qa//0qvqrJzL1xc8WQWX7/yc7fwudjPHPhA=="],
  }
}
